// !$*UTF8*$!
{
	archiveVersion = 1;
	classes = {
	};
	objectVersion = 46;
	objects = {

/* Begin PBXBuildFile section */
		110D17511ED07C7D001C13D0 /* AppDelegate.swift in Sources */ = {isa = PBXBuildFile; fileRef = 110D17501ED07C7D001C13D0 /* AppDelegate.swift */; };
		110D17561ED07C7D001C13D0 /* Main.storyboard in Resources */ = {isa = PBXBuildFile; fileRef = 110D17541ED07C7D001C13D0 /* Main.storyboard */; };
		110D17581ED07C7D001C13D0 /* Assets.xcassets in Resources */ = {isa = PBXBuildFile; fileRef = 110D17571ED07C7D001C13D0 /* Assets.xcassets */; };
		110D175B1ED07C7D001C13D0 /* LaunchScreen.storyboard in Resources */ = {isa = PBXBuildFile; fileRef = 110D17591ED07C7D001C13D0 /* LaunchScreen.storyboard */; };
		110D17661ED07C7D001C13D0 /* Mana_QuizTests.swift in Sources */ = {isa = PBXBuildFile; fileRef = 110D17651ED07C7D001C13D0 /* Mana_QuizTests.swift */; };
		110D17711ED07C7D001C13D0 /* Mana_QuizUITests.swift in Sources */ = {isa = PBXBuildFile; fileRef = 110D17701ED07C7D001C13D0 /* Mana_QuizUITests.swift */; };
		110D17B01ED0A3AF001C13D0 /* Card Magus.sqlite.zip in Resources */ = {isa = PBXBuildFile; fileRef = 110D17821ED0A3AF001C13D0 /* Card Magus.sqlite.zip */; };
		110D17B11ED0A3AF001C13D0 /* Card Magus.xcdatamodeld in Sources */ = {isa = PBXBuildFile; fileRef = 110D17831ED0A3AF001C13D0 /* Card Magus.xcdatamodeld */; };
		110D17B21ED0A3AF001C13D0 /* CardMagus.swift in Sources */ = {isa = PBXBuildFile; fileRef = 110D17851ED0A3AF001C13D0 /* CardMagus.swift */; };
		110D17B41ED0A3AF001C13D0 /* CMArtist+CoreDataClass.swift in Sources */ = {isa = PBXBuildFile; fileRef = 110D17871ED0A3AF001C13D0 /* CMArtist+CoreDataClass.swift */; };
		110D17B51ED0A3AF001C13D0 /* CMArtist+CoreDataProperties.swift in Sources */ = {isa = PBXBuildFile; fileRef = 110D17881ED0A3AF001C13D0 /* CMArtist+CoreDataProperties.swift */; };
		110D17B61ED0A3AF001C13D0 /* CMBlock+CoreDataClass.swift in Sources */ = {isa = PBXBuildFile; fileRef = 110D17891ED0A3AF001C13D0 /* CMBlock+CoreDataClass.swift */; };
		110D17B71ED0A3AF001C13D0 /* CMBlock+CoreDataProperties.swift in Sources */ = {isa = PBXBuildFile; fileRef = 110D178A1ED0A3AF001C13D0 /* CMBlock+CoreDataProperties.swift */; };
		110D17B81ED0A3AF001C13D0 /* CMBooster+CoreDataClass.swift in Sources */ = {isa = PBXBuildFile; fileRef = 110D178B1ED0A3AF001C13D0 /* CMBooster+CoreDataClass.swift */; };
		110D17B91ED0A3AF001C13D0 /* CMBooster+CoreDataProperties.swift in Sources */ = {isa = PBXBuildFile; fileRef = 110D178C1ED0A3AF001C13D0 /* CMBooster+CoreDataProperties.swift */; };
		110D17BA1ED0A3AF001C13D0 /* CMBorder+CoreDataClass.swift in Sources */ = {isa = PBXBuildFile; fileRef = 110D178D1ED0A3AF001C13D0 /* CMBorder+CoreDataClass.swift */; };
		110D17BB1ED0A3AF001C13D0 /* CMBorder+CoreDataProperties.swift in Sources */ = {isa = PBXBuildFile; fileRef = 110D178E1ED0A3AF001C13D0 /* CMBorder+CoreDataProperties.swift */; };
		110D17BC1ED0A3AF001C13D0 /* CMCard+CoreDataClass.swift in Sources */ = {isa = PBXBuildFile; fileRef = 110D178F1ED0A3AF001C13D0 /* CMCard+CoreDataClass.swift */; };
		110D17BD1ED0A3AF001C13D0 /* CMCard+CoreDataProperties.swift in Sources */ = {isa = PBXBuildFile; fileRef = 110D17901ED0A3AF001C13D0 /* CMCard+CoreDataProperties.swift */; };
		110D17BE1ED0A3AF001C13D0 /* CMCardLegality+CoreDataClass.swift in Sources */ = {isa = PBXBuildFile; fileRef = 110D17911ED0A3AF001C13D0 /* CMCardLegality+CoreDataClass.swift */; };
		110D17BF1ED0A3AF001C13D0 /* CMCardLegality+CoreDataProperties.swift in Sources */ = {isa = PBXBuildFile; fileRef = 110D17921ED0A3AF001C13D0 /* CMCardLegality+CoreDataProperties.swift */; };
		110D17C01ED0A3AF001C13D0 /* CMCardType+CoreDataClass.swift in Sources */ = {isa = PBXBuildFile; fileRef = 110D17931ED0A3AF001C13D0 /* CMCardType+CoreDataClass.swift */; };
		110D17C11ED0A3AF001C13D0 /* CMCardType+CoreDataProperties.swift in Sources */ = {isa = PBXBuildFile; fileRef = 110D17941ED0A3AF001C13D0 /* CMCardType+CoreDataProperties.swift */; };
		110D17C21ED0A3AF001C13D0 /* CMColor+CoreDataClass.swift in Sources */ = {isa = PBXBuildFile; fileRef = 110D17951ED0A3AF001C13D0 /* CMColor+CoreDataClass.swift */; };
		110D17C31ED0A3AF001C13D0 /* CMColor+CoreDataProperties.swift in Sources */ = {isa = PBXBuildFile; fileRef = 110D17961ED0A3AF001C13D0 /* CMColor+CoreDataProperties.swift */; };
		110D17C41ED0A3AF001C13D0 /* CMForeignName+CoreDataClass.swift in Sources */ = {isa = PBXBuildFile; fileRef = 110D17971ED0A3AF001C13D0 /* CMForeignName+CoreDataClass.swift */; };
		110D17C51ED0A3AF001C13D0 /* CMForeignName+CoreDataProperties.swift in Sources */ = {isa = PBXBuildFile; fileRef = 110D17981ED0A3AF001C13D0 /* CMForeignName+CoreDataProperties.swift */; };
		110D17C61ED0A3AF001C13D0 /* CMFormat+CoreDataClass.swift in Sources */ = {isa = PBXBuildFile; fileRef = 110D17991ED0A3AF001C13D0 /* CMFormat+CoreDataClass.swift */; };
		110D17C71ED0A3AF001C13D0 /* CMFormat+CoreDataProperties.swift in Sources */ = {isa = PBXBuildFile; fileRef = 110D179A1ED0A3AF001C13D0 /* CMFormat+CoreDataProperties.swift */; };
		110D17C81ED0A3AF001C13D0 /* CMLanguage+CoreDataClass.swift in Sources */ = {isa = PBXBuildFile; fileRef = 110D179B1ED0A3AF001C13D0 /* CMLanguage+CoreDataClass.swift */; };
		110D17C91ED0A3AF001C13D0 /* CMLanguage+CoreDataProperties.swift in Sources */ = {isa = PBXBuildFile; fileRef = 110D179C1ED0A3AF001C13D0 /* CMLanguage+CoreDataProperties.swift */; };
		110D17CA1ED0A3AF001C13D0 /* CMLayout+CoreDataClass.swift in Sources */ = {isa = PBXBuildFile; fileRef = 110D179D1ED0A3AF001C13D0 /* CMLayout+CoreDataClass.swift */; };
		110D17CB1ED0A3AF001C13D0 /* CMLayout+CoreDataProperties.swift in Sources */ = {isa = PBXBuildFile; fileRef = 110D179E1ED0A3AF001C13D0 /* CMLayout+CoreDataProperties.swift */; };
		110D17CC1ED0A3AF001C13D0 /* CMLegality+CoreDataClass.swift in Sources */ = {isa = PBXBuildFile; fileRef = 110D179F1ED0A3AF001C13D0 /* CMLegality+CoreDataClass.swift */; };
		110D17CD1ED0A3AF001C13D0 /* CMLegality+CoreDataProperties.swift in Sources */ = {isa = PBXBuildFile; fileRef = 110D17A01ED0A3AF001C13D0 /* CMLegality+CoreDataProperties.swift */; };
		110D17CE1ED0A3AF001C13D0 /* CMRarity+CoreDataClass.swift in Sources */ = {isa = PBXBuildFile; fileRef = 110D17A11ED0A3AF001C13D0 /* CMRarity+CoreDataClass.swift */; };
		110D17CF1ED0A3AF001C13D0 /* CMRarity+CoreDataProperties.swift in Sources */ = {isa = PBXBuildFile; fileRef = 110D17A21ED0A3AF001C13D0 /* CMRarity+CoreDataProperties.swift */; };
		110D17D01ED0A3AF001C13D0 /* CMRuling+CoreDataClass.swift in Sources */ = {isa = PBXBuildFile; fileRef = 110D17A31ED0A3AF001C13D0 /* CMRuling+CoreDataClass.swift */; };
		110D17D11ED0A3AF001C13D0 /* CMRuling+CoreDataProperties.swift in Sources */ = {isa = PBXBuildFile; fileRef = 110D17A41ED0A3AF001C13D0 /* CMRuling+CoreDataProperties.swift */; };
		110D17D21ED0A3AF001C13D0 /* CMSet+CoreDataClass.swift in Sources */ = {isa = PBXBuildFile; fileRef = 110D17A51ED0A3AF001C13D0 /* CMSet+CoreDataClass.swift */; };
		110D17D31ED0A3AF001C13D0 /* CMSet+CoreDataProperties.swift in Sources */ = {isa = PBXBuildFile; fileRef = 110D17A61ED0A3AF001C13D0 /* CMSet+CoreDataProperties.swift */; };
		110D17D41ED0A3AF001C13D0 /* CMSetBooster+CoreDataClass.swift in Sources */ = {isa = PBXBuildFile; fileRef = 110D17A71ED0A3AF001C13D0 /* CMSetBooster+CoreDataClass.swift */; };
		110D17D51ED0A3AF001C13D0 /* CMSetBooster+CoreDataProperties.swift in Sources */ = {isa = PBXBuildFile; fileRef = 110D17A81ED0A3AF001C13D0 /* CMSetBooster+CoreDataProperties.swift */; };
		110D17D61ED0A3AF001C13D0 /* CMSetType+CoreDataClass.swift in Sources */ = {isa = PBXBuildFile; fileRef = 110D17A91ED0A3AF001C13D0 /* CMSetType+CoreDataClass.swift */; };
		110D17D71ED0A3AF001C13D0 /* CMSetType+CoreDataProperties.swift in Sources */ = {isa = PBXBuildFile; fileRef = 110D17AA1ED0A3AF001C13D0 /* CMSetType+CoreDataProperties.swift */; };
		110D17D81ED0A3AF001C13D0 /* CMWatermark+CoreDataClass.swift in Sources */ = {isa = PBXBuildFile; fileRef = 110D17AB1ED0A3AF001C13D0 /* CMWatermark+CoreDataClass.swift */; };
		110D17D91ED0A3AF001C13D0 /* CMWatermark+CoreDataProperties.swift in Sources */ = {isa = PBXBuildFile; fileRef = 110D17AC1ED0A3AF001C13D0 /* CMWatermark+CoreDataProperties.swift */; };
		110D17DA1ED0A3AF001C13D0 /* fonts in Resources */ = {isa = PBXBuildFile; fileRef = 110D17AD1ED0A3AF001C13D0 /* fonts */; };
		110D17DB1ED0A3AF001C13D0 /* images.zip in Resources */ = {isa = PBXBuildFile; fileRef = 110D17AE1ED0A3AF001C13D0 /* images.zip */; };
		110D17DC1ED0A3AF001C13D0 /* NetworkingManager.swift in Sources */ = {isa = PBXBuildFile; fileRef = 110D17AF1ED0A3AF001C13D0 /* NetworkingManager.swift */; };
		1126436D1ED1C310005E8FB2 /* MenuViewController.swift in Sources */ = {isa = PBXBuildFile; fileRef = 1126436C1ED1C310005E8FB2 /* MenuViewController.swift */; };
		1126436E1ED1C310005E8FB2 /* MenuViewController.swift in Sources */ = {isa = PBXBuildFile; fileRef = 1126436C1ED1C310005E8FB2 /* MenuViewController.swift */; };
		112643761ED1C86C005E8FB2 /* audio in Resources */ = {isa = PBXBuildFile; fileRef = 112643731ED1C86C005E8FB2 /* audio */; };
		11C665461ED555EE00DD889F /* MenuScene.sks in Resources */ = {isa = PBXBuildFile; fileRef = 11C665451ED555EE00DD889F /* MenuScene.sks */; };
		11C665471ED555EE00DD889F /* MenuScene.sks in Resources */ = {isa = PBXBuildFile; fileRef = 11C665451ED555EE00DD889F /* MenuScene.sks */; };
		11C665491ED5580500DD889F /* MenuScene.swift in Sources */ = {isa = PBXBuildFile; fileRef = 11C665481ED5580500DD889F /* MenuScene.swift */; };
		11C6654A1ED5580500DD889F /* MenuScene.swift in Sources */ = {isa = PBXBuildFile; fileRef = 11C665481ED5580500DD889F /* MenuScene.swift */; };
		11C6654C1ED56D7400DD889F /* QuizScene.sks in Resources */ = {isa = PBXBuildFile; fileRef = 11C6654B1ED56D7400DD889F /* QuizScene.sks */; };
		11C6654D1ED56D7400DD889F /* QuizScene.sks in Resources */ = {isa = PBXBuildFile; fileRef = 11C6654B1ED56D7400DD889F /* QuizScene.sks */; };
		11C6654F1ED56D8D00DD889F /* QuizScene.swift in Sources */ = {isa = PBXBuildFile; fileRef = 11C6654E1ED56D8D00DD889F /* QuizScene.swift */; };
		11C665501ED56D8D00DD889F /* QuizScene.swift in Sources */ = {isa = PBXBuildFile; fileRef = 11C6654E1ED56D8D00DD889F /* QuizScene.swift */; };
		11C665521ED5735600DD889F /* BaseScene.swift in Sources */ = {isa = PBXBuildFile; fileRef = 11C665511ED5735600DD889F /* BaseScene.swift */; };
		11C665531ED5735600DD889F /* BaseScene.swift in Sources */ = {isa = PBXBuildFile; fileRef = 11C665511ED5735600DD889F /* BaseScene.swift */; };
		11C665551ED5CAB800DD889F /* fonts in Resources */ = {isa = PBXBuildFile; fileRef = 11C665541ED5CAB800DD889F /* fonts */; };
		11C665561ED5CAB800DD889F /* fonts in Resources */ = {isa = PBXBuildFile; fileRef = 11C665541ED5CAB800DD889F /* fonts */; };
		11C665591ED5D34100DD889F /* ManaQuiz.swift in Sources */ = {isa = PBXBuildFile; fileRef = 11C665581ED5D34100DD889F /* ManaQuiz.swift */; };
		11C6655A1ED5D34100DD889F /* ManaQuiz.swift in Sources */ = {isa = PBXBuildFile; fileRef = 11C665581ED5D34100DD889F /* ManaQuiz.swift */; };
		11C6655B1ED5D34100DD889F /* ManaQuiz.swift in Sources */ = {isa = PBXBuildFile; fileRef = 11C665581ED5D34100DD889F /* ManaQuiz.swift */; };
		11C6655C1ED5D8AD00DD889F /* Card Magus.xcdatamodeld in Resources */ = {isa = PBXBuildFile; fileRef = 110D17831ED0A3AF001C13D0 /* Card Magus.xcdatamodeld */; };
		11F52F3B1ED2A416007133B8 /* GoogleService-Info.plist in Resources */ = {isa = PBXBuildFile; fileRef = 11F52F3A1ED2A416007133B8 /* GoogleService-Info.plist */; };
		11F52F3C1ED2A416007133B8 /* GoogleService-Info.plist in Resources */ = {isa = PBXBuildFile; fileRef = 11F52F3A1ED2A416007133B8 /* GoogleService-Info.plist */; };
		11F52F3D1ED2A416007133B8 /* GoogleService-Info.plist in Resources */ = {isa = PBXBuildFile; fileRef = 11F52F3A1ED2A416007133B8 /* GoogleService-Info.plist */; };
		2DF256BA297DB9FC0BD90AA1 /* Pods_Mana_QuizTests.framework in Frameworks */ = {isa = PBXBuildFile; fileRef = BD38687FAC43B027E5004B3A /* Pods_Mana_QuizTests.framework */; };
		7EFA79EAD414D6AB4151B731 /* Pods_Mana_Quiz.framework in Frameworks */ = {isa = PBXBuildFile; fileRef = C2792A0563929F392F41F43B /* Pods_Mana_Quiz.framework */; };
		D941727FD83506B199EAA538 /* Pods_Mana_QuizUITests.framework in Frameworks */ = {isa = PBXBuildFile; fileRef = 5E408F9FE0CC0CF0797CAE78 /* Pods_Mana_QuizUITests.framework */; };
/* End PBXBuildFile section */

/* Begin PBXContainerItemProxy section */
		110D17621ED07C7D001C13D0 /* PBXContainerItemProxy */ = {
			isa = PBXContainerItemProxy;
			containerPortal = 110D17451ED07C7D001C13D0 /* Project object */;
			proxyType = 1;
			remoteGlobalIDString = 110D174C1ED07C7D001C13D0;
			remoteInfo = "Mana Quiz";
		};
		110D176D1ED07C7D001C13D0 /* PBXContainerItemProxy */ = {
			isa = PBXContainerItemProxy;
			containerPortal = 110D17451ED07C7D001C13D0 /* Project object */;
			proxyType = 1;
			remoteGlobalIDString = 110D174C1ED07C7D001C13D0;
			remoteInfo = "Mana Quiz";
		};
/* End PBXContainerItemProxy section */

/* Begin PBXFileReference section */
		06E558E7F79E461B06EABA4B /* Pods-Mana QuizTests.release.xcconfig */ = {isa = PBXFileReference; includeInIndex = 1; lastKnownFileType = text.xcconfig; name = "Pods-Mana QuizTests.release.xcconfig"; path = "Pods/Target Support Files/Pods-Mana QuizTests/Pods-Mana QuizTests.release.xcconfig"; sourceTree = "<group>"; };
		110D174D1ED07C7D001C13D0 /* Mana Quiz.app */ = {isa = PBXFileReference; explicitFileType = wrapper.application; includeInIndex = 0; path = "Mana Quiz.app"; sourceTree = BUILT_PRODUCTS_DIR; };
		110D17501ED07C7D001C13D0 /* AppDelegate.swift */ = {isa = PBXFileReference; lastKnownFileType = sourcecode.swift; path = AppDelegate.swift; sourceTree = "<group>"; };
		110D17551ED07C7D001C13D0 /* Base */ = {isa = PBXFileReference; lastKnownFileType = file.storyboard; name = Base; path = Base.lproj/Main.storyboard; sourceTree = "<group>"; };
		110D17571ED07C7D001C13D0 /* Assets.xcassets */ = {isa = PBXFileReference; lastKnownFileType = folder.assetcatalog; path = Assets.xcassets; sourceTree = "<group>"; };
		110D175A1ED07C7D001C13D0 /* Base */ = {isa = PBXFileReference; lastKnownFileType = file.storyboard; name = Base; path = Base.lproj/LaunchScreen.storyboard; sourceTree = "<group>"; };
		110D175C1ED07C7D001C13D0 /* Info.plist */ = {isa = PBXFileReference; lastKnownFileType = text.plist.xml; path = Info.plist; sourceTree = "<group>"; };
		110D17611ED07C7D001C13D0 /* Mana QuizTests.xctest */ = {isa = PBXFileReference; explicitFileType = wrapper.cfbundle; includeInIndex = 0; path = "Mana QuizTests.xctest"; sourceTree = BUILT_PRODUCTS_DIR; };
		110D17651ED07C7D001C13D0 /* Mana_QuizTests.swift */ = {isa = PBXFileReference; lastKnownFileType = sourcecode.swift; path = Mana_QuizTests.swift; sourceTree = "<group>"; };
		110D17671ED07C7D001C13D0 /* Info.plist */ = {isa = PBXFileReference; lastKnownFileType = text.plist.xml; path = Info.plist; sourceTree = "<group>"; };
		110D176C1ED07C7D001C13D0 /* Mana QuizUITests.xctest */ = {isa = PBXFileReference; explicitFileType = wrapper.cfbundle; includeInIndex = 0; path = "Mana QuizUITests.xctest"; sourceTree = BUILT_PRODUCTS_DIR; };
		110D17701ED07C7D001C13D0 /* Mana_QuizUITests.swift */ = {isa = PBXFileReference; lastKnownFileType = sourcecode.swift; path = Mana_QuizUITests.swift; sourceTree = "<group>"; };
		110D17721ED07C7D001C13D0 /* Info.plist */ = {isa = PBXFileReference; lastKnownFileType = text.plist.xml; path = Info.plist; sourceTree = "<group>"; };
		110D17821ED0A3AF001C13D0 /* Card Magus.sqlite.zip */ = {isa = PBXFileReference; lastKnownFileType = archive.zip; name = "Card Magus.sqlite.zip"; path = "CardMagusKit/CardMagusKit/Assets/Card Magus.sqlite.zip"; sourceTree = SOURCE_ROOT; };
		110D17841ED0A3AF001C13D0 /* Card Magus.xcdatamodel */ = {isa = PBXFileReference; lastKnownFileType = wrapper.xcdatamodel; path = "Card Magus.xcdatamodel"; sourceTree = "<group>"; };
		110D17851ED0A3AF001C13D0 /* CardMagus.swift */ = {isa = PBXFileReference; fileEncoding = 4; lastKnownFileType = sourcecode.swift; name = CardMagus.swift; path = CardMagusKit/CardMagusKit/Classes/CardMagus.swift; sourceTree = SOURCE_ROOT; };
		110D17871ED0A3AF001C13D0 /* CMArtist+CoreDataClass.swift */ = {isa = PBXFileReference; fileEncoding = 4; lastKnownFileType = sourcecode.swift; name = "CMArtist+CoreDataClass.swift"; path = "CardMagusKit/CardMagusKit/Classes/CMArtist+CoreDataClass.swift"; sourceTree = SOURCE_ROOT; };
		110D17881ED0A3AF001C13D0 /* CMArtist+CoreDataProperties.swift */ = {isa = PBXFileReference; fileEncoding = 4; lastKnownFileType = sourcecode.swift; name = "CMArtist+CoreDataProperties.swift"; path = "CardMagusKit/CardMagusKit/Classes/CMArtist+CoreDataProperties.swift"; sourceTree = SOURCE_ROOT; };
		110D17891ED0A3AF001C13D0 /* CMBlock+CoreDataClass.swift */ = {isa = PBXFileReference; fileEncoding = 4; lastKnownFileType = sourcecode.swift; name = "CMBlock+CoreDataClass.swift"; path = "CardMagusKit/CardMagusKit/Classes/CMBlock+CoreDataClass.swift"; sourceTree = SOURCE_ROOT; };
		110D178A1ED0A3AF001C13D0 /* CMBlock+CoreDataProperties.swift */ = {isa = PBXFileReference; fileEncoding = 4; lastKnownFileType = sourcecode.swift; name = "CMBlock+CoreDataProperties.swift"; path = "CardMagusKit/CardMagusKit/Classes/CMBlock+CoreDataProperties.swift"; sourceTree = SOURCE_ROOT; };
		110D178B1ED0A3AF001C13D0 /* CMBooster+CoreDataClass.swift */ = {isa = PBXFileReference; fileEncoding = 4; lastKnownFileType = sourcecode.swift; name = "CMBooster+CoreDataClass.swift"; path = "CardMagusKit/CardMagusKit/Classes/CMBooster+CoreDataClass.swift"; sourceTree = SOURCE_ROOT; };
		110D178C1ED0A3AF001C13D0 /* CMBooster+CoreDataProperties.swift */ = {isa = PBXFileReference; fileEncoding = 4; lastKnownFileType = sourcecode.swift; name = "CMBooster+CoreDataProperties.swift"; path = "CardMagusKit/CardMagusKit/Classes/CMBooster+CoreDataProperties.swift"; sourceTree = SOURCE_ROOT; };
		110D178D1ED0A3AF001C13D0 /* CMBorder+CoreDataClass.swift */ = {isa = PBXFileReference; fileEncoding = 4; lastKnownFileType = sourcecode.swift; name = "CMBorder+CoreDataClass.swift"; path = "CardMagusKit/CardMagusKit/Classes/CMBorder+CoreDataClass.swift"; sourceTree = SOURCE_ROOT; };
		110D178E1ED0A3AF001C13D0 /* CMBorder+CoreDataProperties.swift */ = {isa = PBXFileReference; fileEncoding = 4; lastKnownFileType = sourcecode.swift; name = "CMBorder+CoreDataProperties.swift"; path = "CardMagusKit/CardMagusKit/Classes/CMBorder+CoreDataProperties.swift"; sourceTree = SOURCE_ROOT; };
		110D178F1ED0A3AF001C13D0 /* CMCard+CoreDataClass.swift */ = {isa = PBXFileReference; fileEncoding = 4; lastKnownFileType = sourcecode.swift; name = "CMCard+CoreDataClass.swift"; path = "CardMagusKit/CardMagusKit/Classes/CMCard+CoreDataClass.swift"; sourceTree = SOURCE_ROOT; };
		110D17901ED0A3AF001C13D0 /* CMCard+CoreDataProperties.swift */ = {isa = PBXFileReference; fileEncoding = 4; lastKnownFileType = sourcecode.swift; name = "CMCard+CoreDataProperties.swift"; path = "CardMagusKit/CardMagusKit/Classes/CMCard+CoreDataProperties.swift"; sourceTree = SOURCE_ROOT; };
		110D17911ED0A3AF001C13D0 /* CMCardLegality+CoreDataClass.swift */ = {isa = PBXFileReference; fileEncoding = 4; lastKnownFileType = sourcecode.swift; name = "CMCardLegality+CoreDataClass.swift"; path = "CardMagusKit/CardMagusKit/Classes/CMCardLegality+CoreDataClass.swift"; sourceTree = SOURCE_ROOT; };
		110D17921ED0A3AF001C13D0 /* CMCardLegality+CoreDataProperties.swift */ = {isa = PBXFileReference; fileEncoding = 4; lastKnownFileType = sourcecode.swift; name = "CMCardLegality+CoreDataProperties.swift"; path = "CardMagusKit/CardMagusKit/Classes/CMCardLegality+CoreDataProperties.swift"; sourceTree = SOURCE_ROOT; };
		110D17931ED0A3AF001C13D0 /* CMCardType+CoreDataClass.swift */ = {isa = PBXFileReference; fileEncoding = 4; lastKnownFileType = sourcecode.swift; name = "CMCardType+CoreDataClass.swift"; path = "CardMagusKit/CardMagusKit/Classes/CMCardType+CoreDataClass.swift"; sourceTree = SOURCE_ROOT; };
		110D17941ED0A3AF001C13D0 /* CMCardType+CoreDataProperties.swift */ = {isa = PBXFileReference; fileEncoding = 4; lastKnownFileType = sourcecode.swift; name = "CMCardType+CoreDataProperties.swift"; path = "CardMagusKit/CardMagusKit/Classes/CMCardType+CoreDataProperties.swift"; sourceTree = SOURCE_ROOT; };
		110D17951ED0A3AF001C13D0 /* CMColor+CoreDataClass.swift */ = {isa = PBXFileReference; fileEncoding = 4; lastKnownFileType = sourcecode.swift; name = "CMColor+CoreDataClass.swift"; path = "CardMagusKit/CardMagusKit/Classes/CMColor+CoreDataClass.swift"; sourceTree = SOURCE_ROOT; };
		110D17961ED0A3AF001C13D0 /* CMColor+CoreDataProperties.swift */ = {isa = PBXFileReference; fileEncoding = 4; lastKnownFileType = sourcecode.swift; name = "CMColor+CoreDataProperties.swift"; path = "CardMagusKit/CardMagusKit/Classes/CMColor+CoreDataProperties.swift"; sourceTree = SOURCE_ROOT; };
		110D17971ED0A3AF001C13D0 /* CMForeignName+CoreDataClass.swift */ = {isa = PBXFileReference; fileEncoding = 4; lastKnownFileType = sourcecode.swift; name = "CMForeignName+CoreDataClass.swift"; path = "CardMagusKit/CardMagusKit/Classes/CMForeignName+CoreDataClass.swift"; sourceTree = SOURCE_ROOT; };
		110D17981ED0A3AF001C13D0 /* CMForeignName+CoreDataProperties.swift */ = {isa = PBXFileReference; fileEncoding = 4; lastKnownFileType = sourcecode.swift; name = "CMForeignName+CoreDataProperties.swift"; path = "CardMagusKit/CardMagusKit/Classes/CMForeignName+CoreDataProperties.swift"; sourceTree = SOURCE_ROOT; };
		110D17991ED0A3AF001C13D0 /* CMFormat+CoreDataClass.swift */ = {isa = PBXFileReference; fileEncoding = 4; lastKnownFileType = sourcecode.swift; name = "CMFormat+CoreDataClass.swift"; path = "CardMagusKit/CardMagusKit/Classes/CMFormat+CoreDataClass.swift"; sourceTree = SOURCE_ROOT; };
		110D179A1ED0A3AF001C13D0 /* CMFormat+CoreDataProperties.swift */ = {isa = PBXFileReference; fileEncoding = 4; lastKnownFileType = sourcecode.swift; name = "CMFormat+CoreDataProperties.swift"; path = "CardMagusKit/CardMagusKit/Classes/CMFormat+CoreDataProperties.swift"; sourceTree = SOURCE_ROOT; };
		110D179B1ED0A3AF001C13D0 /* CMLanguage+CoreDataClass.swift */ = {isa = PBXFileReference; fileEncoding = 4; lastKnownFileType = sourcecode.swift; name = "CMLanguage+CoreDataClass.swift"; path = "CardMagusKit/CardMagusKit/Classes/CMLanguage+CoreDataClass.swift"; sourceTree = SOURCE_ROOT; };
		110D179C1ED0A3AF001C13D0 /* CMLanguage+CoreDataProperties.swift */ = {isa = PBXFileReference; fileEncoding = 4; lastKnownFileType = sourcecode.swift; name = "CMLanguage+CoreDataProperties.swift"; path = "CardMagusKit/CardMagusKit/Classes/CMLanguage+CoreDataProperties.swift"; sourceTree = SOURCE_ROOT; };
		110D179D1ED0A3AF001C13D0 /* CMLayout+CoreDataClass.swift */ = {isa = PBXFileReference; fileEncoding = 4; lastKnownFileType = sourcecode.swift; name = "CMLayout+CoreDataClass.swift"; path = "CardMagusKit/CardMagusKit/Classes/CMLayout+CoreDataClass.swift"; sourceTree = SOURCE_ROOT; };
		110D179E1ED0A3AF001C13D0 /* CMLayout+CoreDataProperties.swift */ = {isa = PBXFileReference; fileEncoding = 4; lastKnownFileType = sourcecode.swift; name = "CMLayout+CoreDataProperties.swift"; path = "CardMagusKit/CardMagusKit/Classes/CMLayout+CoreDataProperties.swift"; sourceTree = SOURCE_ROOT; };
		110D179F1ED0A3AF001C13D0 /* CMLegality+CoreDataClass.swift */ = {isa = PBXFileReference; fileEncoding = 4; lastKnownFileType = sourcecode.swift; name = "CMLegality+CoreDataClass.swift"; path = "CardMagusKit/CardMagusKit/Classes/CMLegality+CoreDataClass.swift"; sourceTree = SOURCE_ROOT; };
		110D17A01ED0A3AF001C13D0 /* CMLegality+CoreDataProperties.swift */ = {isa = PBXFileReference; fileEncoding = 4; lastKnownFileType = sourcecode.swift; name = "CMLegality+CoreDataProperties.swift"; path = "CardMagusKit/CardMagusKit/Classes/CMLegality+CoreDataProperties.swift"; sourceTree = SOURCE_ROOT; };
		110D17A11ED0A3AF001C13D0 /* CMRarity+CoreDataClass.swift */ = {isa = PBXFileReference; fileEncoding = 4; lastKnownFileType = sourcecode.swift; name = "CMRarity+CoreDataClass.swift"; path = "CardMagusKit/CardMagusKit/Classes/CMRarity+CoreDataClass.swift"; sourceTree = SOURCE_ROOT; };
		110D17A21ED0A3AF001C13D0 /* CMRarity+CoreDataProperties.swift */ = {isa = PBXFileReference; fileEncoding = 4; lastKnownFileType = sourcecode.swift; name = "CMRarity+CoreDataProperties.swift"; path = "CardMagusKit/CardMagusKit/Classes/CMRarity+CoreDataProperties.swift"; sourceTree = SOURCE_ROOT; };
		110D17A31ED0A3AF001C13D0 /* CMRuling+CoreDataClass.swift */ = {isa = PBXFileReference; fileEncoding = 4; lastKnownFileType = sourcecode.swift; name = "CMRuling+CoreDataClass.swift"; path = "CardMagusKit/CardMagusKit/Classes/CMRuling+CoreDataClass.swift"; sourceTree = SOURCE_ROOT; };
		110D17A41ED0A3AF001C13D0 /* CMRuling+CoreDataProperties.swift */ = {isa = PBXFileReference; fileEncoding = 4; lastKnownFileType = sourcecode.swift; name = "CMRuling+CoreDataProperties.swift"; path = "CardMagusKit/CardMagusKit/Classes/CMRuling+CoreDataProperties.swift"; sourceTree = SOURCE_ROOT; };
		110D17A51ED0A3AF001C13D0 /* CMSet+CoreDataClass.swift */ = {isa = PBXFileReference; fileEncoding = 4; lastKnownFileType = sourcecode.swift; name = "CMSet+CoreDataClass.swift"; path = "CardMagusKit/CardMagusKit/Classes/CMSet+CoreDataClass.swift"; sourceTree = SOURCE_ROOT; };
		110D17A61ED0A3AF001C13D0 /* CMSet+CoreDataProperties.swift */ = {isa = PBXFileReference; fileEncoding = 4; lastKnownFileType = sourcecode.swift; name = "CMSet+CoreDataProperties.swift"; path = "CardMagusKit/CardMagusKit/Classes/CMSet+CoreDataProperties.swift"; sourceTree = SOURCE_ROOT; };
		110D17A71ED0A3AF001C13D0 /* CMSetBooster+CoreDataClass.swift */ = {isa = PBXFileReference; fileEncoding = 4; lastKnownFileType = sourcecode.swift; name = "CMSetBooster+CoreDataClass.swift"; path = "CardMagusKit/CardMagusKit/Classes/CMSetBooster+CoreDataClass.swift"; sourceTree = SOURCE_ROOT; };
		110D17A81ED0A3AF001C13D0 /* CMSetBooster+CoreDataProperties.swift */ = {isa = PBXFileReference; fileEncoding = 4; lastKnownFileType = sourcecode.swift; name = "CMSetBooster+CoreDataProperties.swift"; path = "CardMagusKit/CardMagusKit/Classes/CMSetBooster+CoreDataProperties.swift"; sourceTree = SOURCE_ROOT; };
		110D17A91ED0A3AF001C13D0 /* CMSetType+CoreDataClass.swift */ = {isa = PBXFileReference; fileEncoding = 4; lastKnownFileType = sourcecode.swift; name = "CMSetType+CoreDataClass.swift"; path = "CardMagusKit/CardMagusKit/Classes/CMSetType+CoreDataClass.swift"; sourceTree = SOURCE_ROOT; };
		110D17AA1ED0A3AF001C13D0 /* CMSetType+CoreDataProperties.swift */ = {isa = PBXFileReference; fileEncoding = 4; lastKnownFileType = sourcecode.swift; name = "CMSetType+CoreDataProperties.swift"; path = "CardMagusKit/CardMagusKit/Classes/CMSetType+CoreDataProperties.swift"; sourceTree = SOURCE_ROOT; };
		110D17AB1ED0A3AF001C13D0 /* CMWatermark+CoreDataClass.swift */ = {isa = PBXFileReference; fileEncoding = 4; lastKnownFileType = sourcecode.swift; name = "CMWatermark+CoreDataClass.swift"; path = "CardMagusKit/CardMagusKit/Classes/CMWatermark+CoreDataClass.swift"; sourceTree = SOURCE_ROOT; };
		110D17AC1ED0A3AF001C13D0 /* CMWatermark+CoreDataProperties.swift */ = {isa = PBXFileReference; fileEncoding = 4; lastKnownFileType = sourcecode.swift; name = "CMWatermark+CoreDataProperties.swift"; path = "CardMagusKit/CardMagusKit/Classes/CMWatermark+CoreDataProperties.swift"; sourceTree = SOURCE_ROOT; };
		110D17AD1ED0A3AF001C13D0 /* fonts */ = {isa = PBXFileReference; lastKnownFileType = folder; name = fonts; path = CardMagusKit/CardMagusKit/Assets/fonts; sourceTree = SOURCE_ROOT; };
		110D17AE1ED0A3AF001C13D0 /* images.zip */ = {isa = PBXFileReference; lastKnownFileType = archive.zip; name = images.zip; path = CardMagusKit/CardMagusKit/Assets/images.zip; sourceTree = SOURCE_ROOT; };
		110D17AF1ED0A3AF001C13D0 /* NetworkingManager.swift */ = {isa = PBXFileReference; fileEncoding = 4; lastKnownFileType = sourcecode.swift; name = NetworkingManager.swift; path = CardMagusKit/CardMagusKit/Classes/NetworkingManager.swift; sourceTree = SOURCE_ROOT; };
		1126436C1ED1C310005E8FB2 /* MenuViewController.swift */ = {isa = PBXFileReference; fileEncoding = 4; lastKnownFileType = sourcecode.swift; path = MenuViewController.swift; sourceTree = "<group>"; };
		112643731ED1C86C005E8FB2 /* audio */ = {isa = PBXFileReference; lastKnownFileType = folder; path = audio; sourceTree = "<group>"; };
		11C665451ED555EE00DD889F /* MenuScene.sks */ = {isa = PBXFileReference; lastKnownFileType = file.sks; path = MenuScene.sks; sourceTree = "<group>"; };
		11C665481ED5580500DD889F /* MenuScene.swift */ = {isa = PBXFileReference; fileEncoding = 4; lastKnownFileType = sourcecode.swift; path = MenuScene.swift; sourceTree = "<group>"; };
		11C6654B1ED56D7400DD889F /* QuizScene.sks */ = {isa = PBXFileReference; lastKnownFileType = file.sks; path = QuizScene.sks; sourceTree = "<group>"; };
		11C6654E1ED56D8D00DD889F /* QuizScene.swift */ = {isa = PBXFileReference; fileEncoding = 4; lastKnownFileType = sourcecode.swift; path = QuizScene.swift; sourceTree = "<group>"; };
		11C665511ED5735600DD889F /* BaseScene.swift */ = {isa = PBXFileReference; fileEncoding = 4; lastKnownFileType = sourcecode.swift; path = BaseScene.swift; sourceTree = "<group>"; };
		11C665541ED5CAB800DD889F /* fonts */ = {isa = PBXFileReference; lastKnownFileType = folder; path = fonts; sourceTree = "<group>"; };
		11C665581ED5D34100DD889F /* ManaQuiz.swift */ = {isa = PBXFileReference; fileEncoding = 4; lastKnownFileType = sourcecode.swift; path = ManaQuiz.swift; sourceTree = "<group>"; };
		11F52F3A1ED2A416007133B8 /* GoogleService-Info.plist */ = {isa = PBXFileReference; fileEncoding = 4; lastKnownFileType = text.plist.xml; path = "GoogleService-Info.plist"; sourceTree = "<group>"; };
		3B68A710439A80BD2B42B1D5 /* Pods-Mana Quiz.debug.xcconfig */ = {isa = PBXFileReference; includeInIndex = 1; lastKnownFileType = text.xcconfig; name = "Pods-Mana Quiz.debug.xcconfig"; path = "Pods/Target Support Files/Pods-Mana Quiz/Pods-Mana Quiz.debug.xcconfig"; sourceTree = "<group>"; };
		5E408F9FE0CC0CF0797CAE78 /* Pods_Mana_QuizUITests.framework */ = {isa = PBXFileReference; explicitFileType = wrapper.framework; includeInIndex = 0; path = Pods_Mana_QuizUITests.framework; sourceTree = BUILT_PRODUCTS_DIR; };
		8DCFE8F55D1055624CD2EFC9 /* Pods-Mana QuizTests.debug.xcconfig */ = {isa = PBXFileReference; includeInIndex = 1; lastKnownFileType = text.xcconfig; name = "Pods-Mana QuizTests.debug.xcconfig"; path = "Pods/Target Support Files/Pods-Mana QuizTests/Pods-Mana QuizTests.debug.xcconfig"; sourceTree = "<group>"; };
		BD38687FAC43B027E5004B3A /* Pods_Mana_QuizTests.framework */ = {isa = PBXFileReference; explicitFileType = wrapper.framework; includeInIndex = 0; path = Pods_Mana_QuizTests.framework; sourceTree = BUILT_PRODUCTS_DIR; };
		C2792A0563929F392F41F43B /* Pods_Mana_Quiz.framework */ = {isa = PBXFileReference; explicitFileType = wrapper.framework; includeInIndex = 0; path = Pods_Mana_Quiz.framework; sourceTree = BUILT_PRODUCTS_DIR; };
		C43F3E882AC8BD3F286A0A5B /* Pods-Mana QuizUITests.debug.xcconfig */ = {isa = PBXFileReference; includeInIndex = 1; lastKnownFileType = text.xcconfig; name = "Pods-Mana QuizUITests.debug.xcconfig"; path = "Pods/Target Support Files/Pods-Mana QuizUITests/Pods-Mana QuizUITests.debug.xcconfig"; sourceTree = "<group>"; };
		D9F5AACD60287F896A50F23C /* Pods-Mana QuizUITests.release.xcconfig */ = {isa = PBXFileReference; includeInIndex = 1; lastKnownFileType = text.xcconfig; name = "Pods-Mana QuizUITests.release.xcconfig"; path = "Pods/Target Support Files/Pods-Mana QuizUITests/Pods-Mana QuizUITests.release.xcconfig"; sourceTree = "<group>"; };
		FA71972DA18BD2053177A2A6 /* Pods-Mana Quiz.release.xcconfig */ = {isa = PBXFileReference; includeInIndex = 1; lastKnownFileType = text.xcconfig; name = "Pods-Mana Quiz.release.xcconfig"; path = "Pods/Target Support Files/Pods-Mana Quiz/Pods-Mana Quiz.release.xcconfig"; sourceTree = "<group>"; };
/* End PBXFileReference section */

/* Begin PBXFrameworksBuildPhase section */
		110D174A1ED07C7D001C13D0 /* Frameworks */ = {
			isa = PBXFrameworksBuildPhase;
			buildActionMask = 2147483647;
			files = (
				7EFA79EAD414D6AB4151B731 /* Pods_Mana_Quiz.framework in Frameworks */,
			);
			runOnlyForDeploymentPostprocessing = 0;
		};
		110D175E1ED07C7D001C13D0 /* Frameworks */ = {
			isa = PBXFrameworksBuildPhase;
			buildActionMask = 2147483647;
			files = (
				2DF256BA297DB9FC0BD90AA1 /* Pods_Mana_QuizTests.framework in Frameworks */,
			);
			runOnlyForDeploymentPostprocessing = 0;
		};
		110D17691ED07C7D001C13D0 /* Frameworks */ = {
			isa = PBXFrameworksBuildPhase;
			buildActionMask = 2147483647;
			files = (
				D941727FD83506B199EAA538 /* Pods_Mana_QuizUITests.framework in Frameworks */,
			);
			runOnlyForDeploymentPostprocessing = 0;
		};
/* End PBXFrameworksBuildPhase section */

/* Begin PBXGroup section */
		110D17441ED07C7D001C13D0 = {
			isa = PBXGroup;
			children = (
				110D174F1ED07C7D001C13D0 /* Mana Quiz */,
				110D17641ED07C7D001C13D0 /* Mana QuizTests */,
				110D176F1ED07C7D001C13D0 /* Mana QuizUITests */,
				110D174E1ED07C7D001C13D0 /* Products */,
				7287138EB6F6E712DEE2CB4A /* Pods */,
				3E1E937669B427BD5ADBF04F /* Frameworks */,
			);
			sourceTree = "<group>";
		};
		110D174E1ED07C7D001C13D0 /* Products */ = {
			isa = PBXGroup;
			children = (
				110D174D1ED07C7D001C13D0 /* Mana Quiz.app */,
				110D17611ED07C7D001C13D0 /* Mana QuizTests.xctest */,
				110D176C1ED07C7D001C13D0 /* Mana QuizUITests.xctest */,
			);
			name = Products;
			sourceTree = "<group>";
		};
		110D174F1ED07C7D001C13D0 /* Mana Quiz */ = {
			isa = PBXGroup;
			children = (
				110D17501ED07C7D001C13D0 /* AppDelegate.swift */,
				110D17571ED07C7D001C13D0 /* Assets.xcassets */,
				110D17811ED0970C001C13D0 /* CardMagusKit */,
				110D17801ED0826A001C13D0 /* Controller */,
				112643721ED1C7FC005E8FB2 /* data */,
				11F52F3A1ED2A416007133B8 /* GoogleService-Info.plist */,
				110D175C1ED07C7D001C13D0 /* Info.plist */,
				110D17591ED07C7D001C13D0 /* LaunchScreen.storyboard */,
				110D17541ED07C7D001C13D0 /* Main.storyboard */,
				11C665441ED555AE00DD889F /* SpriteKit */,
				11C665571ED5D31B00DD889F /* Utilities */,
				110D177F1ED08264001C13D0 /* View */,
			);
			path = "Mana Quiz";
			sourceTree = "<group>";
		};
		110D17641ED07C7D001C13D0 /* Mana QuizTests */ = {
			isa = PBXGroup;
			children = (
				110D17651ED07C7D001C13D0 /* Mana_QuizTests.swift */,
				110D17671ED07C7D001C13D0 /* Info.plist */,
			);
			path = "Mana QuizTests";
			sourceTree = "<group>";
		};
		110D176F1ED07C7D001C13D0 /* Mana QuizUITests */ = {
			isa = PBXGroup;
			children = (
				110D17701ED07C7D001C13D0 /* Mana_QuizUITests.swift */,
				110D17721ED07C7D001C13D0 /* Info.plist */,
			);
			path = "Mana QuizUITests";
			sourceTree = "<group>";
		};
		110D177F1ED08264001C13D0 /* View */ = {
			isa = PBXGroup;
			children = (
			);
			name = View;
			sourceTree = "<group>";
		};
		110D17801ED0826A001C13D0 /* Controller */ = {
			isa = PBXGroup;
			children = (
				1126436C1ED1C310005E8FB2 /* MenuViewController.swift */,
			);
			name = Controller;
			sourceTree = "<group>";
		};
		110D17811ED0970C001C13D0 /* CardMagusKit */ = {
			isa = PBXGroup;
			children = (
				110D17821ED0A3AF001C13D0 /* Card Magus.sqlite.zip */,
				110D17831ED0A3AF001C13D0 /* Card Magus.xcdatamodeld */,
				110D17851ED0A3AF001C13D0 /* CardMagus.swift */,
				110D17871ED0A3AF001C13D0 /* CMArtist+CoreDataClass.swift */,
				110D17881ED0A3AF001C13D0 /* CMArtist+CoreDataProperties.swift */,
				110D17891ED0A3AF001C13D0 /* CMBlock+CoreDataClass.swift */,
				110D178A1ED0A3AF001C13D0 /* CMBlock+CoreDataProperties.swift */,
				110D178B1ED0A3AF001C13D0 /* CMBooster+CoreDataClass.swift */,
				110D178C1ED0A3AF001C13D0 /* CMBooster+CoreDataProperties.swift */,
				110D178D1ED0A3AF001C13D0 /* CMBorder+CoreDataClass.swift */,
				110D178E1ED0A3AF001C13D0 /* CMBorder+CoreDataProperties.swift */,
				110D178F1ED0A3AF001C13D0 /* CMCard+CoreDataClass.swift */,
				110D17901ED0A3AF001C13D0 /* CMCard+CoreDataProperties.swift */,
				110D17911ED0A3AF001C13D0 /* CMCardLegality+CoreDataClass.swift */,
				110D17921ED0A3AF001C13D0 /* CMCardLegality+CoreDataProperties.swift */,
				110D17931ED0A3AF001C13D0 /* CMCardType+CoreDataClass.swift */,
				110D17941ED0A3AF001C13D0 /* CMCardType+CoreDataProperties.swift */,
				110D17951ED0A3AF001C13D0 /* CMColor+CoreDataClass.swift */,
				110D17961ED0A3AF001C13D0 /* CMColor+CoreDataProperties.swift */,
				110D17971ED0A3AF001C13D0 /* CMForeignName+CoreDataClass.swift */,
				110D17981ED0A3AF001C13D0 /* CMForeignName+CoreDataProperties.swift */,
				110D17991ED0A3AF001C13D0 /* CMFormat+CoreDataClass.swift */,
				110D179A1ED0A3AF001C13D0 /* CMFormat+CoreDataProperties.swift */,
				110D179B1ED0A3AF001C13D0 /* CMLanguage+CoreDataClass.swift */,
				110D179C1ED0A3AF001C13D0 /* CMLanguage+CoreDataProperties.swift */,
				110D179D1ED0A3AF001C13D0 /* CMLayout+CoreDataClass.swift */,
				110D179E1ED0A3AF001C13D0 /* CMLayout+CoreDataProperties.swift */,
				110D179F1ED0A3AF001C13D0 /* CMLegality+CoreDataClass.swift */,
				110D17A01ED0A3AF001C13D0 /* CMLegality+CoreDataProperties.swift */,
				110D17A11ED0A3AF001C13D0 /* CMRarity+CoreDataClass.swift */,
				110D17A21ED0A3AF001C13D0 /* CMRarity+CoreDataProperties.swift */,
				110D17A31ED0A3AF001C13D0 /* CMRuling+CoreDataClass.swift */,
				110D17A41ED0A3AF001C13D0 /* CMRuling+CoreDataProperties.swift */,
				110D17A51ED0A3AF001C13D0 /* CMSet+CoreDataClass.swift */,
				110D17A61ED0A3AF001C13D0 /* CMSet+CoreDataProperties.swift */,
				110D17A71ED0A3AF001C13D0 /* CMSetBooster+CoreDataClass.swift */,
				110D17A81ED0A3AF001C13D0 /* CMSetBooster+CoreDataProperties.swift */,
				110D17A91ED0A3AF001C13D0 /* CMSetType+CoreDataClass.swift */,
				110D17AA1ED0A3AF001C13D0 /* CMSetType+CoreDataProperties.swift */,
				110D17AB1ED0A3AF001C13D0 /* CMWatermark+CoreDataClass.swift */,
				110D17AC1ED0A3AF001C13D0 /* CMWatermark+CoreDataProperties.swift */,
				110D17AD1ED0A3AF001C13D0 /* fonts */,
				110D17AE1ED0A3AF001C13D0 /* images.zip */,
				110D17AF1ED0A3AF001C13D0 /* NetworkingManager.swift */,
			);
			name = CardMagusKit;
			sourceTree = "<group>";
		};
		112643721ED1C7FC005E8FB2 /* data */ = {
			isa = PBXGroup;
			children = (
				11C665541ED5CAB800DD889F /* fonts */,
				112643731ED1C86C005E8FB2 /* audio */,
			);
			name = data;
			sourceTree = "<group>";
		};
		11C665441ED555AE00DD889F /* SpriteKit */ = {
			isa = PBXGroup;
			children = (
				11C665511ED5735600DD889F /* BaseScene.swift */,
				11C665451ED555EE00DD889F /* MenuScene.sks */,
				11C665481ED5580500DD889F /* MenuScene.swift */,
				11C6654B1ED56D7400DD889F /* QuizScene.sks */,
				11C6654E1ED56D8D00DD889F /* QuizScene.swift */,
			);
			name = SpriteKit;
			sourceTree = "<group>";
		};
		11C665571ED5D31B00DD889F /* Utilities */ = {
			isa = PBXGroup;
			children = (
				11C665581ED5D34100DD889F /* ManaQuiz.swift */,
			);
			name = Utilities;
			sourceTree = "<group>";
		};
		3E1E937669B427BD5ADBF04F /* Frameworks */ = {
			isa = PBXGroup;
			children = (
				C2792A0563929F392F41F43B /* Pods_Mana_Quiz.framework */,
				BD38687FAC43B027E5004B3A /* Pods_Mana_QuizTests.framework */,
				5E408F9FE0CC0CF0797CAE78 /* Pods_Mana_QuizUITests.framework */,
			);
			name = Frameworks;
			sourceTree = "<group>";
		};
		7287138EB6F6E712DEE2CB4A /* Pods */ = {
			isa = PBXGroup;
			children = (
				3B68A710439A80BD2B42B1D5 /* Pods-Mana Quiz.debug.xcconfig */,
				FA71972DA18BD2053177A2A6 /* Pods-Mana Quiz.release.xcconfig */,
				8DCFE8F55D1055624CD2EFC9 /* Pods-Mana QuizTests.debug.xcconfig */,
				06E558E7F79E461B06EABA4B /* Pods-Mana QuizTests.release.xcconfig */,
				C43F3E882AC8BD3F286A0A5B /* Pods-Mana QuizUITests.debug.xcconfig */,
				D9F5AACD60287F896A50F23C /* Pods-Mana QuizUITests.release.xcconfig */,
			);
			name = Pods;
			sourceTree = "<group>";
		};
/* End PBXGroup section */

/* Begin PBXNativeTarget section */
		110D174C1ED07C7D001C13D0 /* Mana Quiz */ = {
			isa = PBXNativeTarget;
			buildConfigurationList = 110D17751ED07C7D001C13D0 /* Build configuration list for PBXNativeTarget "Mana Quiz" */;
			buildPhases = (
				A718D21AEC74FD567A1EA61B /* [CP] Check Pods Manifest.lock */,
				110D17491ED07C7D001C13D0 /* Sources */,
				110D174A1ED07C7D001C13D0 /* Frameworks */,
				110D174B1ED07C7D001C13D0 /* Resources */,
				BABBF2B78EC0758E6B70D630 /* [CP] Embed Pods Frameworks */,
				CD4A5F62069FF8496F972D41 /* [CP] Copy Pods Resources */,
			);
			buildRules = (
			);
			dependencies = (
			);
			name = "Mana Quiz";
			productName = "Mana Quiz";
			productReference = 110D174D1ED07C7D001C13D0 /* Mana Quiz.app */;
			productType = "com.apple.product-type.application";
		};
		110D17601ED07C7D001C13D0 /* Mana QuizTests */ = {
			isa = PBXNativeTarget;
			buildConfigurationList = 110D17781ED07C7D001C13D0 /* Build configuration list for PBXNativeTarget "Mana QuizTests" */;
			buildPhases = (
				9F94F66282A00E9A44A9D70B /* [CP] Check Pods Manifest.lock */,
				110D175D1ED07C7D001C13D0 /* Sources */,
				110D175E1ED07C7D001C13D0 /* Frameworks */,
				110D175F1ED07C7D001C13D0 /* Resources */,
				39EA94FB50EB3CBFDCF2860F /* [CP] Embed Pods Frameworks */,
				0AB2EFE4DAB487C037C107AE /* [CP] Copy Pods Resources */,
			);
			buildRules = (
			);
			dependencies = (
				110D17631ED07C7D001C13D0 /* PBXTargetDependency */,
			);
			name = "Mana QuizTests";
			productName = "Mana QuizTests";
			productReference = 110D17611ED07C7D001C13D0 /* Mana QuizTests.xctest */;
			productType = "com.apple.product-type.bundle.unit-test";
		};
		110D176B1ED07C7D001C13D0 /* Mana QuizUITests */ = {
			isa = PBXNativeTarget;
			buildConfigurationList = 110D177B1ED07C7D001C13D0 /* Build configuration list for PBXNativeTarget "Mana QuizUITests" */;
			buildPhases = (
				753AD57C2D43794E2C08C12F /* [CP] Check Pods Manifest.lock */,
				110D17681ED07C7D001C13D0 /* Sources */,
				110D17691ED07C7D001C13D0 /* Frameworks */,
				110D176A1ED07C7D001C13D0 /* Resources */,
				9331C58C88D8BA90749A8BA0 /* [CP] Embed Pods Frameworks */,
				DEA8A8EF98B58E30FE965CEB /* [CP] Copy Pods Resources */,
			);
			buildRules = (
			);
			dependencies = (
				110D176E1ED07C7D001C13D0 /* PBXTargetDependency */,
			);
			name = "Mana QuizUITests";
			productName = "Mana QuizUITests";
			productReference = 110D176C1ED07C7D001C13D0 /* Mana QuizUITests.xctest */;
			productType = "com.apple.product-type.bundle.ui-testing";
		};
/* End PBXNativeTarget section */

/* Begin PBXProject section */
		110D17451ED07C7D001C13D0 /* Project object */ = {
			isa = PBXProject;
			attributes = {
				LastSwiftUpdateCheck = 0830;
				LastUpgradeCheck = 0830;
				ORGANIZATIONNAME = "Jovito Royeca";
				TargetAttributes = {
					110D174C1ED07C7D001C13D0 = {
						CreatedOnToolsVersion = 8.3.2;
						ProvisioningStyle = Automatic;
					};
					110D17601ED07C7D001C13D0 = {
						CreatedOnToolsVersion = 8.3.2;
						ProvisioningStyle = Automatic;
						TestTargetID = 110D174C1ED07C7D001C13D0;
					};
					110D176B1ED07C7D001C13D0 = {
						CreatedOnToolsVersion = 8.3.2;
						ProvisioningStyle = Automatic;
						TestTargetID = 110D174C1ED07C7D001C13D0;
					};
				};
			};
			buildConfigurationList = 110D17481ED07C7D001C13D0 /* Build configuration list for PBXProject "Mana Quiz" */;
			compatibilityVersion = "Xcode 3.2";
			developmentRegion = English;
			hasScannedForEncodings = 0;
			knownRegions = (
				en,
				Base,
			);
			mainGroup = 110D17441ED07C7D001C13D0;
			productRefGroup = 110D174E1ED07C7D001C13D0 /* Products */;
			projectDirPath = "";
			projectRoot = "";
			targets = (
				110D174C1ED07C7D001C13D0 /* Mana Quiz */,
				110D17601ED07C7D001C13D0 /* Mana QuizTests */,
				110D176B1ED07C7D001C13D0 /* Mana QuizUITests */,
			);
		};
/* End PBXProject section */

/* Begin PBXResourcesBuildPhase section */
		110D174B1ED07C7D001C13D0 /* Resources */ = {
			isa = PBXResourcesBuildPhase;
			buildActionMask = 2147483647;
			files = (
				11C6655C1ED5D8AD00DD889F /* Card Magus.xcdatamodeld in Resources */,
				11C665551ED5CAB800DD889F /* fonts in Resources */,
				110D175B1ED07C7D001C13D0 /* LaunchScreen.storyboard in Resources */,
				11F52F3B1ED2A416007133B8 /* GoogleService-Info.plist in Resources */,
				11C665461ED555EE00DD889F /* MenuScene.sks in Resources */,
				110D17B01ED0A3AF001C13D0 /* Card Magus.sqlite.zip in Resources */,
				112643761ED1C86C005E8FB2 /* audio in Resources */,
				110D17DA1ED0A3AF001C13D0 /* fonts in Resources */,
				110D17581ED07C7D001C13D0 /* Assets.xcassets in Resources */,
				11C6654C1ED56D7400DD889F /* QuizScene.sks in Resources */,
				110D17561ED07C7D001C13D0 /* Main.storyboard in Resources */,
				110D17DB1ED0A3AF001C13D0 /* images.zip in Resources */,
			);
			runOnlyForDeploymentPostprocessing = 0;
		};
		110D175F1ED07C7D001C13D0 /* Resources */ = {
			isa = PBXResourcesBuildPhase;
			buildActionMask = 2147483647;
			files = (
				11F52F3C1ED2A416007133B8 /* GoogleService-Info.plist in Resources */,
			);
			runOnlyForDeploymentPostprocessing = 0;
		};
		110D176A1ED07C7D001C13D0 /* Resources */ = {
			isa = PBXResourcesBuildPhase;
			buildActionMask = 2147483647;
			files = (
				11F52F3D1ED2A416007133B8 /* GoogleService-Info.plist in Resources */,
				11C6654D1ED56D7400DD889F /* QuizScene.sks in Resources */,
				11C665471ED555EE00DD889F /* MenuScene.sks in Resources */,
				11C665561ED5CAB800DD889F /* fonts in Resources */,
			);
			runOnlyForDeploymentPostprocessing = 0;
		};
/* End PBXResourcesBuildPhase section */

/* Begin PBXShellScriptBuildPhase section */
		0AB2EFE4DAB487C037C107AE /* [CP] Copy Pods Resources */ = {
			isa = PBXShellScriptBuildPhase;
			buildActionMask = 2147483647;
			files = (
			);
			inputPaths = (
			);
			name = "[CP] Copy Pods Resources";
			outputPaths = (
			);
			runOnlyForDeploymentPostprocessing = 0;
			shellPath = /bin/sh;
			shellScript = "\"${SRCROOT}/Pods/Target Support Files/Pods-Mana QuizTests/Pods-Mana QuizTests-resources.sh\"\n";
			showEnvVarsInLog = 0;
		};
		39EA94FB50EB3CBFDCF2860F /* [CP] Embed Pods Frameworks */ = {
			isa = PBXShellScriptBuildPhase;
			buildActionMask = 2147483647;
			files = (
			);
			inputPaths = (
			);
			name = "[CP] Embed Pods Frameworks";
			outputPaths = (
			);
			runOnlyForDeploymentPostprocessing = 0;
			shellPath = /bin/sh;
			shellScript = "\"${SRCROOT}/Pods/Target Support Files/Pods-Mana QuizTests/Pods-Mana QuizTests-frameworks.sh\"\n";
			showEnvVarsInLog = 0;
		};
		753AD57C2D43794E2C08C12F /* [CP] Check Pods Manifest.lock */ = {
			isa = PBXShellScriptBuildPhase;
			buildActionMask = 2147483647;
			files = (
			);
			inputPaths = (
			);
			name = "[CP] Check Pods Manifest.lock";
			outputPaths = (
			);
			runOnlyForDeploymentPostprocessing = 0;
			shellPath = /bin/sh;
			shellScript = "diff \"${PODS_PODFILE_DIR_PATH}/Podfile.lock\" \"${PODS_ROOT}/Manifest.lock\" > /dev/null\nif [ $? != 0 ] ; then\n    # print error to STDERR\n    echo \"error: The sandbox is not in sync with the Podfile.lock. Run 'pod install' or update your CocoaPods installation.\" >&2\n    exit 1\nfi\n";
			showEnvVarsInLog = 0;
		};
		9331C58C88D8BA90749A8BA0 /* [CP] Embed Pods Frameworks */ = {
			isa = PBXShellScriptBuildPhase;
			buildActionMask = 2147483647;
			files = (
			);
			inputPaths = (
			);
			name = "[CP] Embed Pods Frameworks";
			outputPaths = (
			);
			runOnlyForDeploymentPostprocessing = 0;
			shellPath = /bin/sh;
			shellScript = "\"${SRCROOT}/Pods/Target Support Files/Pods-Mana QuizUITests/Pods-Mana QuizUITests-frameworks.sh\"\n";
			showEnvVarsInLog = 0;
		};
		9F94F66282A00E9A44A9D70B /* [CP] Check Pods Manifest.lock */ = {
			isa = PBXShellScriptBuildPhase;
			buildActionMask = 2147483647;
			files = (
			);
			inputPaths = (
			);
			name = "[CP] Check Pods Manifest.lock";
			outputPaths = (
			);
			runOnlyForDeploymentPostprocessing = 0;
			shellPath = /bin/sh;
			shellScript = "diff \"${PODS_PODFILE_DIR_PATH}/Podfile.lock\" \"${PODS_ROOT}/Manifest.lock\" > /dev/null\nif [ $? != 0 ] ; then\n    # print error to STDERR\n    echo \"error: The sandbox is not in sync with the Podfile.lock. Run 'pod install' or update your CocoaPods installation.\" >&2\n    exit 1\nfi\n";
			showEnvVarsInLog = 0;
		};
		A718D21AEC74FD567A1EA61B /* [CP] Check Pods Manifest.lock */ = {
			isa = PBXShellScriptBuildPhase;
			buildActionMask = 2147483647;
			files = (
			);
			inputPaths = (
			);
			name = "[CP] Check Pods Manifest.lock";
			outputPaths = (
			);
			runOnlyForDeploymentPostprocessing = 0;
			shellPath = /bin/sh;
			shellScript = "diff \"${PODS_PODFILE_DIR_PATH}/Podfile.lock\" \"${PODS_ROOT}/Manifest.lock\" > /dev/null\nif [ $? != 0 ] ; then\n    # print error to STDERR\n    echo \"error: The sandbox is not in sync with the Podfile.lock. Run 'pod install' or update your CocoaPods installation.\" >&2\n    exit 1\nfi\n";
			showEnvVarsInLog = 0;
		};
		BABBF2B78EC0758E6B70D630 /* [CP] Embed Pods Frameworks */ = {
			isa = PBXShellScriptBuildPhase;
			buildActionMask = 2147483647;
			files = (
			);
			inputPaths = (
			);
			name = "[CP] Embed Pods Frameworks";
			outputPaths = (
			);
			runOnlyForDeploymentPostprocessing = 0;
			shellPath = /bin/sh;
			shellScript = "\"${SRCROOT}/Pods/Target Support Files/Pods-Mana Quiz/Pods-Mana Quiz-frameworks.sh\"\n";
			showEnvVarsInLog = 0;
		};
		CD4A5F62069FF8496F972D41 /* [CP] Copy Pods Resources */ = {
			isa = PBXShellScriptBuildPhase;
			buildActionMask = 2147483647;
			files = (
			);
			inputPaths = (
			);
			name = "[CP] Copy Pods Resources";
			outputPaths = (
			);
			runOnlyForDeploymentPostprocessing = 0;
			shellPath = /bin/sh;
			shellScript = "\"${SRCROOT}/Pods/Target Support Files/Pods-Mana Quiz/Pods-Mana Quiz-resources.sh\"\n";
			showEnvVarsInLog = 0;
		};
		DEA8A8EF98B58E30FE965CEB /* [CP] Copy Pods Resources */ = {
			isa = PBXShellScriptBuildPhase;
			buildActionMask = 2147483647;
			files = (
			);
			inputPaths = (
			);
			name = "[CP] Copy Pods Resources";
			outputPaths = (
			);
			runOnlyForDeploymentPostprocessing = 0;
			shellPath = /bin/sh;
			shellScript = "\"${SRCROOT}/Pods/Target Support Files/Pods-Mana QuizUITests/Pods-Mana QuizUITests-resources.sh\"\n";
			showEnvVarsInLog = 0;
		};
/* End PBXShellScriptBuildPhase section */

/* Begin PBXSourcesBuildPhase section */
		110D17491ED07C7D001C13D0 /* Sources */ = {
			isa = PBXSourcesBuildPhase;
			buildActionMask = 2147483647;
			files = (
				110D17C71ED0A3AF001C13D0 /* CMFormat+CoreDataProperties.swift in Sources */,
				110D17CA1ED0A3AF001C13D0 /* CMLayout+CoreDataClass.swift in Sources */,
				110D17B81ED0A3AF001C13D0 /* CMBooster+CoreDataClass.swift in Sources */,
				110D17B61ED0A3AF001C13D0 /* CMBlock+CoreDataClass.swift in Sources */,
				110D17D01ED0A3AF001C13D0 /* CMRuling+CoreDataClass.swift in Sources */,
				110D17DC1ED0A3AF001C13D0 /* NetworkingManager.swift in Sources */,
				110D17BF1ED0A3AF001C13D0 /* CMCardLegality+CoreDataProperties.swift in Sources */,
				110D17B51ED0A3AF001C13D0 /* CMArtist+CoreDataProperties.swift in Sources */,
				110D17CF1ED0A3AF001C13D0 /* CMRarity+CoreDataProperties.swift in Sources */,
				110D17D41ED0A3AF001C13D0 /* CMSetBooster+CoreDataClass.swift in Sources */,
				110D17B71ED0A3AF001C13D0 /* CMBlock+CoreDataProperties.swift in Sources */,
				110D17D91ED0A3AF001C13D0 /* CMWatermark+CoreDataProperties.swift in Sources */,
				110D17C41ED0A3AF001C13D0 /* CMForeignName+CoreDataClass.swift in Sources */,
				11C665491ED5580500DD889F /* MenuScene.swift in Sources */,
				11C6654F1ED56D8D00DD889F /* QuizScene.swift in Sources */,
				110D17B11ED0A3AF001C13D0 /* Card Magus.xcdatamodeld in Sources */,
				110D17B21ED0A3AF001C13D0 /* CardMagus.swift in Sources */,
				110D17D31ED0A3AF001C13D0 /* CMSet+CoreDataProperties.swift in Sources */,
				110D17D81ED0A3AF001C13D0 /* CMWatermark+CoreDataClass.swift in Sources */,
				110D17D71ED0A3AF001C13D0 /* CMSetType+CoreDataProperties.swift in Sources */,
				110D17C91ED0A3AF001C13D0 /* CMLanguage+CoreDataProperties.swift in Sources */,
				1126436D1ED1C310005E8FB2 /* MenuViewController.swift in Sources */,
				110D17BC1ED0A3AF001C13D0 /* CMCard+CoreDataClass.swift in Sources */,
				110D17B41ED0A3AF001C13D0 /* CMArtist+CoreDataClass.swift in Sources */,
				110D17D11ED0A3AF001C13D0 /* CMRuling+CoreDataProperties.swift in Sources */,
				110D17B91ED0A3AF001C13D0 /* CMBooster+CoreDataProperties.swift in Sources */,
				110D17CB1ED0A3AF001C13D0 /* CMLayout+CoreDataProperties.swift in Sources */,
				110D17C61ED0A3AF001C13D0 /* CMFormat+CoreDataClass.swift in Sources */,
				110D17C11ED0A3AF001C13D0 /* CMCardType+CoreDataProperties.swift in Sources */,
				11C665591ED5D34100DD889F /* ManaQuiz.swift in Sources */,
				11C665521ED5735600DD889F /* BaseScene.swift in Sources */,
				110D17BE1ED0A3AF001C13D0 /* CMCardLegality+CoreDataClass.swift in Sources */,
				110D17CE1ED0A3AF001C13D0 /* CMRarity+CoreDataClass.swift in Sources */,
				110D17C01ED0A3AF001C13D0 /* CMCardType+CoreDataClass.swift in Sources */,
				110D17CC1ED0A3AF001C13D0 /* CMLegality+CoreDataClass.swift in Sources */,
				110D17C51ED0A3AF001C13D0 /* CMForeignName+CoreDataProperties.swift in Sources */,
				110D17C31ED0A3AF001C13D0 /* CMColor+CoreDataProperties.swift in Sources */,
				110D17D61ED0A3AF001C13D0 /* CMSetType+CoreDataClass.swift in Sources */,
				110D17C81ED0A3AF001C13D0 /* CMLanguage+CoreDataClass.swift in Sources */,
				110D17D21ED0A3AF001C13D0 /* CMSet+CoreDataClass.swift in Sources */,
				110D17D51ED0A3AF001C13D0 /* CMSetBooster+CoreDataProperties.swift in Sources */,
				110D17511ED07C7D001C13D0 /* AppDelegate.swift in Sources */,
				110D17BD1ED0A3AF001C13D0 /* CMCard+CoreDataProperties.swift in Sources */,
				110D17CD1ED0A3AF001C13D0 /* CMLegality+CoreDataProperties.swift in Sources */,
				110D17C21ED0A3AF001C13D0 /* CMColor+CoreDataClass.swift in Sources */,
				110D17BA1ED0A3AF001C13D0 /* CMBorder+CoreDataClass.swift in Sources */,
				110D17BB1ED0A3AF001C13D0 /* CMBorder+CoreDataProperties.swift in Sources */,
			);
			runOnlyForDeploymentPostprocessing = 0;
		};
		110D175D1ED07C7D001C13D0 /* Sources */ = {
			isa = PBXSourcesBuildPhase;
			buildActionMask = 2147483647;
			files = (
				110D17661ED07C7D001C13D0 /* Mana_QuizTests.swift in Sources */,
				11C6655A1ED5D34100DD889F /* ManaQuiz.swift in Sources */,
			);
			runOnlyForDeploymentPostprocessing = 0;
		};
		110D17681ED07C7D001C13D0 /* Sources */ = {
			isa = PBXSourcesBuildPhase;
			buildActionMask = 2147483647;
			files = (
				11C6654A1ED5580500DD889F /* MenuScene.swift in Sources */,
				11C6655B1ED5D34100DD889F /* ManaQuiz.swift in Sources */,
				11C665501ED56D8D00DD889F /* QuizScene.swift in Sources */,
				110D17711ED07C7D001C13D0 /* Mana_QuizUITests.swift in Sources */,
				1126436E1ED1C310005E8FB2 /* MenuViewController.swift in Sources */,
				11C665531ED5735600DD889F /* BaseScene.swift in Sources */,
			);
			runOnlyForDeploymentPostprocessing = 0;
		};
/* End PBXSourcesBuildPhase section */

/* Begin PBXTargetDependency section */
		110D17631ED07C7D001C13D0 /* PBXTargetDependency */ = {
			isa = PBXTargetDependency;
			target = 110D174C1ED07C7D001C13D0 /* Mana Quiz */;
			targetProxy = 110D17621ED07C7D001C13D0 /* PBXContainerItemProxy */;
		};
		110D176E1ED07C7D001C13D0 /* PBXTargetDependency */ = {
			isa = PBXTargetDependency;
			target = 110D174C1ED07C7D001C13D0 /* Mana Quiz */;
			targetProxy = 110D176D1ED07C7D001C13D0 /* PBXContainerItemProxy */;
		};
/* End PBXTargetDependency section */

/* Begin PBXVariantGroup section */
		110D17541ED07C7D001C13D0 /* Main.storyboard */ = {
			isa = PBXVariantGroup;
			children = (
				110D17551ED07C7D001C13D0 /* Base */,
			);
			name = Main.storyboard;
			sourceTree = "<group>";
		};
		110D17591ED07C7D001C13D0 /* LaunchScreen.storyboard */ = {
			isa = PBXVariantGroup;
			children = (
				110D175A1ED07C7D001C13D0 /* Base */,
			);
			name = LaunchScreen.storyboard;
			sourceTree = "<group>";
		};
/* End PBXVariantGroup section */

/* Begin XCBuildConfiguration section */
		110D17731ED07C7D001C13D0 /* Debug */ = {
			isa = XCBuildConfiguration;
			buildSettings = {
				ALWAYS_SEARCH_USER_PATHS = NO;
				CLANG_ANALYZER_NONNULL = YES;
				CLANG_ANALYZER_NUMBER_OBJECT_CONVERSION = YES_AGGRESSIVE;
				CLANG_CXX_LANGUAGE_STANDARD = "gnu++0x";
				CLANG_CXX_LIBRARY = "libc++";
				CLANG_ENABLE_MODULES = YES;
				CLANG_ENABLE_OBJC_ARC = YES;
				CLANG_WARN_BOOL_CONVERSION = YES;
				CLANG_WARN_CONSTANT_CONVERSION = YES;
				CLANG_WARN_DIRECT_OBJC_ISA_USAGE = YES_ERROR;
				CLANG_WARN_DOCUMENTATION_COMMENTS = YES;
				CLANG_WARN_EMPTY_BODY = YES;
				CLANG_WARN_ENUM_CONVERSION = YES;
				CLANG_WARN_INFINITE_RECURSION = YES;
				CLANG_WARN_INT_CONVERSION = YES;
				CLANG_WARN_OBJC_ROOT_CLASS = YES_ERROR;
				CLANG_WARN_SUSPICIOUS_MOVE = YES;
				CLANG_WARN_UNREACHABLE_CODE = YES;
				CLANG_WARN__DUPLICATE_METHOD_MATCH = YES;
				"CODE_SIGN_IDENTITY[sdk=iphoneos*]" = "iPhone Developer";
				COPY_PHASE_STRIP = NO;
				DEBUG_INFORMATION_FORMAT = dwarf;
				ENABLE_STRICT_OBJC_MSGSEND = YES;
				ENABLE_TESTABILITY = YES;
				GCC_C_LANGUAGE_STANDARD = gnu99;
				GCC_DYNAMIC_NO_PIC = NO;
				GCC_NO_COMMON_BLOCKS = YES;
				GCC_OPTIMIZATION_LEVEL = 0;
				GCC_PREPROCESSOR_DEFINITIONS = (
					"DEBUG=1",
					"$(inherited)",
				);
				GCC_WARN_64_TO_32_BIT_CONVERSION = YES;
				GCC_WARN_ABOUT_RETURN_TYPE = YES_ERROR;
				GCC_WARN_UNDECLARED_SELECTOR = YES;
				GCC_WARN_UNINITIALIZED_AUTOS = YES_AGGRESSIVE;
				GCC_WARN_UNUSED_FUNCTION = YES;
				GCC_WARN_UNUSED_VARIABLE = YES;
				IPHONEOS_DEPLOYMENT_TARGET = 9.3;
				MTL_ENABLE_DEBUG_INFO = YES;
				ONLY_ACTIVE_ARCH = YES;
				SDKROOT = iphoneos;
				SWIFT_ACTIVE_COMPILATION_CONDITIONS = DEBUG;
				SWIFT_OPTIMIZATION_LEVEL = "-Onone";
				TARGETED_DEVICE_FAMILY = "1,2";
			};
			name = Debug;
		};
		110D17741ED07C7D001C13D0 /* Release */ = {
			isa = XCBuildConfiguration;
			buildSettings = {
				ALWAYS_SEARCH_USER_PATHS = NO;
				CLANG_ANALYZER_NONNULL = YES;
				CLANG_ANALYZER_NUMBER_OBJECT_CONVERSION = YES_AGGRESSIVE;
				CLANG_CXX_LANGUAGE_STANDARD = "gnu++0x";
				CLANG_CXX_LIBRARY = "libc++";
				CLANG_ENABLE_MODULES = YES;
				CLANG_ENABLE_OBJC_ARC = YES;
				CLANG_WARN_BOOL_CONVERSION = YES;
				CLANG_WARN_CONSTANT_CONVERSION = YES;
				CLANG_WARN_DIRECT_OBJC_ISA_USAGE = YES_ERROR;
				CLANG_WARN_DOCUMENTATION_COMMENTS = YES;
				CLANG_WARN_EMPTY_BODY = YES;
				CLANG_WARN_ENUM_CONVERSION = YES;
				CLANG_WARN_INFINITE_RECURSION = YES;
				CLANG_WARN_INT_CONVERSION = YES;
				CLANG_WARN_OBJC_ROOT_CLASS = YES_ERROR;
				CLANG_WARN_SUSPICIOUS_MOVE = YES;
				CLANG_WARN_UNREACHABLE_CODE = YES;
				CLANG_WARN__DUPLICATE_METHOD_MATCH = YES;
				"CODE_SIGN_IDENTITY[sdk=iphoneos*]" = "iPhone Developer";
				COPY_PHASE_STRIP = NO;
				DEBUG_INFORMATION_FORMAT = "dwarf-with-dsym";
				ENABLE_NS_ASSERTIONS = NO;
				ENABLE_STRICT_OBJC_MSGSEND = YES;
				GCC_C_LANGUAGE_STANDARD = gnu99;
				GCC_NO_COMMON_BLOCKS = YES;
				GCC_WARN_64_TO_32_BIT_CONVERSION = YES;
				GCC_WARN_ABOUT_RETURN_TYPE = YES_ERROR;
				GCC_WARN_UNDECLARED_SELECTOR = YES;
				GCC_WARN_UNINITIALIZED_AUTOS = YES_AGGRESSIVE;
				GCC_WARN_UNUSED_FUNCTION = YES;
				GCC_WARN_UNUSED_VARIABLE = YES;
				IPHONEOS_DEPLOYMENT_TARGET = 9.3;
				MTL_ENABLE_DEBUG_INFO = NO;
				SDKROOT = iphoneos;
				SWIFT_OPTIMIZATION_LEVEL = "-Owholemodule";
				TARGETED_DEVICE_FAMILY = "1,2";
				VALIDATE_PRODUCT = YES;
			};
			name = Release;
		};
		110D17761ED07C7D001C13D0 /* Debug */ = {
			isa = XCBuildConfiguration;
			baseConfigurationReference = 3B68A710439A80BD2B42B1D5 /* Pods-Mana Quiz.debug.xcconfig */;
			buildSettings = {
				ASSETCATALOG_COMPILER_APPICON_NAME = AppIcon;
				INFOPLIST_FILE = "Mana Quiz/Info.plist";
				IPHONEOS_DEPLOYMENT_TARGET = 10.0;
				LD_RUNPATH_SEARCH_PATHS = "$(inherited) @executable_path/Frameworks";
				PRODUCT_BUNDLE_IDENTIFIER = "com.jovitoroyeca.Mana-Quiz";
				PRODUCT_NAME = "$(TARGET_NAME)";
				SWIFT_VERSION = 3.0;
			};
			name = Debug;
		};
		110D17771ED07C7D001C13D0 /* Release */ = {
			isa = XCBuildConfiguration;
			baseConfigurationReference = FA71972DA18BD2053177A2A6 /* Pods-Mana Quiz.release.xcconfig */;
			buildSettings = {
				ASSETCATALOG_COMPILER_APPICON_NAME = AppIcon;
				INFOPLIST_FILE = "Mana Quiz/Info.plist";
				IPHONEOS_DEPLOYMENT_TARGET = 10.0;
				LD_RUNPATH_SEARCH_PATHS = "$(inherited) @executable_path/Frameworks";
				PRODUCT_BUNDLE_IDENTIFIER = "com.jovitoroyeca.Mana-Quiz";
				PRODUCT_NAME = "$(TARGET_NAME)";
				SWIFT_VERSION = 3.0;
			};
			name = Release;
		};
		110D17791ED07C7D001C13D0 /* Debug */ = {
			isa = XCBuildConfiguration;
			baseConfigurationReference = 8DCFE8F55D1055624CD2EFC9 /* Pods-Mana QuizTests.debug.xcconfig */;
			buildSettings = {
				ALWAYS_EMBED_SWIFT_STANDARD_LIBRARIES = YES;
				BUNDLE_LOADER = "$(TEST_HOST)";
				INFOPLIST_FILE = "Mana QuizTests/Info.plist";
				LD_RUNPATH_SEARCH_PATHS = "$(inherited) @executable_path/Frameworks @loader_path/Frameworks";
				PRODUCT_BUNDLE_IDENTIFIER = "com.jovitoroyeca.Mana-QuizTests";
				PRODUCT_NAME = "$(TARGET_NAME)";
				SWIFT_VERSION = 3.0;
				TEST_HOST = "$(BUILT_PRODUCTS_DIR)/Mana Quiz.app/Mana Quiz";
			};
			name = Debug;
		};
		110D177A1ED07C7D001C13D0 /* Release */ = {
			isa = XCBuildConfiguration;
			baseConfigurationReference = 06E558E7F79E461B06EABA4B /* Pods-Mana QuizTests.release.xcconfig */;
			buildSettings = {
				ALWAYS_EMBED_SWIFT_STANDARD_LIBRARIES = YES;
				BUNDLE_LOADER = "$(TEST_HOST)";
				INFOPLIST_FILE = "Mana QuizTests/Info.plist";
				LD_RUNPATH_SEARCH_PATHS = "$(inherited) @executable_path/Frameworks @loader_path/Frameworks";
				PRODUCT_BUNDLE_IDENTIFIER = "com.jovitoroyeca.Mana-QuizTests";
				PRODUCT_NAME = "$(TARGET_NAME)";
				SWIFT_VERSION = 3.0;
				TEST_HOST = "$(BUILT_PRODUCTS_DIR)/Mana Quiz.app/Mana Quiz";
			};
			name = Release;
		};
		110D177C1ED07C7D001C13D0 /* Debug */ = {
			isa = XCBuildConfiguration;
			baseConfigurationReference = C43F3E882AC8BD3F286A0A5B /* Pods-Mana QuizUITests.debug.xcconfig */;
			buildSettings = {
				ALWAYS_EMBED_SWIFT_STANDARD_LIBRARIES = YES;
				INFOPLIST_FILE = "Mana QuizUITests/Info.plist";
				LD_RUNPATH_SEARCH_PATHS = "$(inherited) @executable_path/Frameworks @loader_path/Frameworks";
				PRODUCT_BUNDLE_IDENTIFIER = "com.jovitoroyeca.Mana-QuizUITests";
				PRODUCT_NAME = "$(TARGET_NAME)";
				SWIFT_VERSION = 3.0;
				TEST_TARGET_NAME = "Mana Quiz";
			};
			name = Debug;
		};
		110D177D1ED07C7D001C13D0 /* Release */ = {
			isa = XCBuildConfiguration;
			baseConfigurationReference = D9F5AACD60287F896A50F23C /* Pods-Mana QuizUITests.release.xcconfig */;
			buildSettings = {
				ALWAYS_EMBED_SWIFT_STANDARD_LIBRARIES = YES;
				INFOPLIST_FILE = "Mana QuizUITests/Info.plist";
				LD_RUNPATH_SEARCH_PATHS = "$(inherited) @executable_path/Frameworks @loader_path/Frameworks";
				PRODUCT_BUNDLE_IDENTIFIER = "com.jovitoroyeca.Mana-QuizUITests";
				PRODUCT_NAME = "$(TARGET_NAME)";
				SWIFT_VERSION = 3.0;
				TEST_TARGET_NAME = "Mana Quiz";
			};
			name = Release;
		};
/* End XCBuildConfiguration section */

/* Begin XCConfigurationList section */
		110D17481ED07C7D001C13D0 /* Build configuration list for PBXProject "Mana Quiz" */ = {
			isa = XCConfigurationList;
			buildConfigurations = (
				110D17731ED07C7D001C13D0 /* Debug */,
				110D17741ED07C7D001C13D0 /* Release */,
			);
			defaultConfigurationIsVisible = 0;
			defaultConfigurationName = Release;
		};
		110D17751ED07C7D001C13D0 /* Build configuration list for PBXNativeTarget "Mana Quiz" */ = {
			isa = XCConfigurationList;
			buildConfigurations = (
				110D17761ED07C7D001C13D0 /* Debug */,
				110D17771ED07C7D001C13D0 /* Release */,
			);
			defaultConfigurationIsVisible = 0;
			defaultConfigurationName = Release;
		};
		110D17781ED07C7D001C13D0 /* Build configuration list for PBXNativeTarget "Mana QuizTests" */ = {
			isa = XCConfigurationList;
			buildConfigurations = (
				110D17791ED07C7D001C13D0 /* Debug */,
				110D177A1ED07C7D001C13D0 /* Release */,
			);
			defaultConfigurationIsVisible = 0;
			defaultConfigurationName = Release;
		};
		110D177B1ED07C7D001C13D0 /* Build configuration list for PBXNativeTarget "Mana QuizUITests" */ = {
			isa = XCConfigurationList;
			buildConfigurations = (
				110D177C1ED07C7D001C13D0 /* Debug */,
				110D177D1ED07C7D001C13D0 /* Release */,
			);
			defaultConfigurationIsVisible = 0;
			defaultConfigurationName = Release;
		};
/* End XCConfigurationList section */

/* Begin XCVersionGroup section */
		110D17831ED0A3AF001C13D0 /* Card Magus.xcdatamodeld */ = {
			isa = XCVersionGroup;
			children = (
				110D17841ED0A3AF001C13D0 /* Card Magus.xcdatamodel */,
			);
			currentVersion = 110D17841ED0A3AF001C13D0 /* Card Magus.xcdatamodel */;
			name = "Card Magus.xcdatamodeld";
			path = "../CardMagusKit/CardMagusKit/Assets/Card Magus.xcdatamodeld";
			sourceTree = "<group>";
			versionGroupType = wrapper.xcdatamodel;
		};
/* End XCVersionGroup section */
	};
	rootObject = 110D17451ED07C7D001C13D0 /* Project object */;
}
